[[package]]
name = "altair"
version = "6.0.0"
description = "Vega-Altair: A declarative statistical visualization library for Python."
category = "main"
optional = false
python-versions = ">=3.9"

[package.dependencies]
jinja2 = "*"
jsonschema = ">=3.0"
narwhals = ">=1.27.1"
packaging = "*"
typing-extensions = {version = ">=4.12.0", markers = "python_version < \"3.15\""}

[package.extras]
all = ["altair-tiles (>=0.3.0)", "anywidget (>=0.9.0)", "numpy", "pandas (>=1.1.3)", "pyarrow (>=11)", "vegafusion (>=2.0.3)", "vl-convert-python (>=1.8.0)"]
dev = ["duckdb (>=1.0)", "geopandas (>=0.14.3)", "hatch (>=1.13.0)", "ipykernel", "ipython", "mistune", "mypy", "pandas-stubs", "pandas (>=1.1.3)", "polars (>=0.20.3)", "pyarrow-stubs", "pytest", "pytest-cov", "pytest-xdist[psutil] (>=3.5,<4.0)", "ruff (>=0.9.5)", "taskipy (>=1.14.1)", "tomli (>=2.2.1)", "types-jsonschema", "types-setuptools"]
doc = ["docutils", "jinja2", "myst-parser", "numpydoc", "pillow", "pydata-sphinx-theme (>=0.14.1)", "scipy", "scipy-stubs", "sphinx", "sphinx-copybutton", "sphinx-design", "sphinxext-altair"]
save = ["vl-convert-python (>=1.8.0)"]

[[package]]
name = "attrs"
version = "26.1.0"
description = "Classes Without Boilerplate"
category = "main"
optional = false
python-versions = ">=3.9"

[[package]]
name = "beautifulsoup4"
version = "4.14.3"
description = "Screen-scraping library"
category = "main"
optional = false
python-versions = ">=3.7.0"

[package.dependencies]
soupsieve = ">=1.6.1"
typing-extensions = ">=4.0.0"

[package.extras]
cchardet = ["cchardet"]
chardet = ["chardet"]
charset-normalizer = ["charset-normalizer"]
html5lib = ["html5lib"]
lxml = ["lxml"]

[[package]]
name = "blinker"
version = "1.9.0"
description = "Fast, simple object-to-object and broadcast signaling"
category = "main"
optional = false
python-versions = ">=3.9"

[[package]]
name = "cachetools"
version = "7.0.5"
description = "Extensible memoizing collections and decorators"
category = "main"
optional = false
python-versions = ">=3.10"

[[package]]
name = "certifi"
version = "2026.2.25"
description = "Python package for providing Mozilla's CA Bundle."
category = "main"
optional = false
python-versions = ">=3.7"

[[package]]
name = "cffi"
version = "2.0.0"
description = "Foreign Function Interface for Python calling C code."
category = "main"
optional = false
python-versions = ">=3.9"

[package.dependencies]
pycparser = {version = "*", markers = "implementation_name != \"PyPy\""}

[[package]]
name = "charset-normalizer"
version = "3.4.6"
description = "The Real First Universal Charset Detector. Open, modern and actively maintained alternative to Chardet."
category = "main"
optional = false
python-versions = ">=3.7"

[[package]]
name = "click"
version = "8.3.1"
description = "Composable command line interface toolkit"
category = "main"
optional = false
python-versions = ">=3.10"

[package.dependencies]
colorama = {version = "*", markers = "platform_system == \"Windows\""}

[[package]]
name = "colorama"
version = "0.4.6"
description = "Cross-platform colored terminal text."
category = "main"
optional = false
python-versions = "!=3.0.*,!=3.1.*,!=3.2.*,!=3.3.*,!=3.4.*,!=3.5.*,!=3.6.*,>=2.7"

[[package]]
name = "curl-cffi"
version = "0.13.0"
description = "libcurl ffi bindings for Python, with impersonation support."
category = "main"
optional = false
python-versions = ">=3.9"

[package.dependencies]
certifi = ">=2024.2.2"
cffi = ">=1.12.0"

[package.extras]
extra = ["readability-lxml (>=0.8.1)", "markdownify (>=1.1.0)", "lxml-html-clean"]
dev = ["charset_normalizer (>=3.3.2,<4.0)", "coverage (>=6.4.1,<7.0)", "cryptography (>=42.0.5,<43.0)", "httpx (==0.23.1)", "mypy (>=1.9.0,<2.0)", "pytest (>=8.1.1,<9.0)", "pytest-asyncio (>=0.23.6,<1.0)", "pytest-trio (>=0.8.0,<1.0)", "ruff (>=0.3.5,<1.0)", "trio (>=0.25.0,<1.0)", "trustme (>=1.1.0,<2.0)", "uvicorn (>=0.29.0,<1.0)", "websockets (>=12.0,<13.0)", "typing-extensions"]
build = ["cibuildwheel", "wheel"]
test = ["charset_normalizer (>=3.3.2,<4.0)", "cryptography (>=42.0.5,<43.0)", "fastapi (==0.110.0)", "httpx (==0.23.1)", "proxy.py (>=2.4.3,<3.0)", "pytest (>=8.1.1,<9.0)", "pytest-asyncio (>=0.23.6,<1.0)", "pytest-trio (>=0.8.0,<1.0)", "python-multipart (>=0.0.9,<1.0)", "trio (>=0.25.0,<1.0)", "trustme (>=1.1.0,<2.0)", "uvicorn (>=0.29.0,<1.0)", "websockets (>=12.0,<13.0)", "typing-extensions"]

[[package]]
name = "fredapi"
version = "0.5.2"
description = "Python API for Federal Reserve Economic Data (FRED) from St. Louis Fed"
category = "main"
optional = false
python-versions = "*"

[package.dependencies]
pandas = "*"

[[package]]
name = "frozendict"
version = "2.4.7"
description = "A simple immutable dictionary"
category = "main"
optional = false
python-versions = ">=3.6"

[[package]]
name = "gitdb"
version = "4.0.12"
description = "Git Object Database"
category = "main"
optional = false
python-versions = ">=3.7"

[package.dependencies]
smmap = ">=3.0.1,<6"

[[package]]
name = "gitpython"
version = "3.1.46"
description = "GitPython is a Python library used to interact with Git repositories"
category = "main"
optional = false
python-versions = ">=3.7"

[package.dependencies]
gitdb = ">=4.0.1,<5"

[package.extras]
test = ["coverage", "ddt (>=1.1.1,!=1.4.3)", "mock", "mypy (==1.18.2)", "pre-commit", "pytest (>=7.3.1)", "pytest-cov", "pytest-instafail", "pytest-mock", "pytest-sugar", "typing-extensions"]
doc = ["sphinx (>=7.1.2,<7.2)", "sphinx-rtd-theme", "sphinx-autodoc-typehints"]

[[package]]
name = "idna"
version = "3.11"
description = "Internationalized Domain Names in Applications (IDNA)"
category = "main"
optional = false
python-versions = ">=3.8"

[package.extras]
all = ["ruff (>=0.6.2)", "mypy (>=1.11.2)", "pytest (>=8.3.2)", "flake8 (>=7.1.1)"]

[[package]]
name = "jinja2"
version = "3.1.6"
description = "A very fast and expressive template engine."
category = "main"
optional = false
python-versions = ">=3.7"

[package.dependencies]
MarkupSafe = ">=2.0"

[package.extras]
i18n = ["Babel (>=2.7)"]

[[package]]
name = "jsonschema"
version = "4.26.0"
description = "An implementation of JSON Schema validation for Python"
category = "main"
optional = false
python-versions = ">=3.10"

[package.dependencies]
attrs = ">=22.2.0"
jsonschema-specifications = ">=2023.03.6"
referencing = ">=0.28.4"
rpds-py = ">=0.25.0"

[package.extras]
format = ["fqdn", "idna", "isoduration", "jsonpointer (>1.13)", "rfc3339-validator", "rfc3987", "uri-template", "webcolors (>=1.11)"]
format-nongpl = ["fqdn", "idna", "isoduration", "jsonpointer (>1.13)", "rfc3339-validator", "rfc3986-validator (>0.1.0)", "rfc3987-syntax (>=1.1.0)", "uri-template", "webcolors (>=24.6.0)"]

[[package]]
name = "jsonschema-specifications"
version = "2025.9.1"
description = "The JSON Schema meta-schemas and vocabularies, exposed as a Registry"
category = "main"
optional = false
python-versions = ">=3.9"

[package.dependencies]
referencing = ">=0.31.0"

[[package]]
name = "markupsafe"
version = "3.0.3"
description = "Safely add untrusted strings to HTML/XML markup."
category = "main"
optional = false
python-versions = ">=3.9"

[[package]]
name = "multitasking"
version = "0.0.12"
description = "Non-blocking Python methods using decorators"
category = "main"
optional = false
python-versions = "*"

[[package]]
name = "narwhals"
version = "2.18.1"
description = "Extremely lightweight compatibility layer between dataframe libraries"
category = "main"
optional = false
python-versions = ">=3.9"

[package.extras]
cudf = ["cudf-cu12 (>=24.10.0)"]
dask = ["dask[dataframe] (>=2024.8)"]
duckdb = ["duckdb (>=1.1)"]
ibis = ["ibis-framework (>=6.0.0)", "packaging", "pyarrow-hotfix", "rich"]
modin = ["modin"]
pandas = ["pandas (>=1.1.3)"]
polars = ["polars (>=0.20.4)"]
pyarrow = ["pyarrow (>=13.0.0)"]
pyspark = ["pyspark (>=3.5.0)"]
pyspark-connect = ["pyspark[connect] (>=3.5.0)"]
sql = ["duckdb (>=1.1)", "sqlparse"]
sqlframe = ["sqlframe (>=3.22.0,!=3.39.3)"]

[[package]]
name = "numpy"
version = "2.4.3"
description = "Fundamental package for array computing in Python"
category = "main"
optional = false
python-versions = ">=3.11"

[[package]]
name = "packaging"
version = "26.0"
description = "Core utilities for Python packages"
category = "main"
optional = false
python-versions = ">=3.8"

[[package]]
name = "pandas"
version = "2.3.3"
description = "Powerful data structures for data analysis, time series, and statistics"
category = "main"
optional = false
python-versions = ">=3.9"

[package.dependencies]
numpy = [
    {version = ">=1.23.2", markers = "python_version == \"3.11\""},
    {version = ">=1.26.0", markers = "python_version >= \"3.12\""},
]
python-dateutil = ">=2.8.2"
pytz = ">=2020.1"
tzdata = ">=2022.7"

[package.extras]
test = ["hypothesis (>=6.46.1)", "pytest (>=7.3.2)", "pytest-xdist (>=2.2.0)"]
pyarrow = ["pyarrow (>=10.0.1)"]
performance = ["bottleneck (>=1.3.6)", "numba (>=0.56.4)", "numexpr (>=2.8.4)"]
computation = ["scipy (>=1.10.0)", "xarray (>=2022.12.0)"]
fss = ["fsspec (>=2022.11.0)"]
aws = ["s3fs (>=2022.11.0)"]
gcp = ["gcsfs (>=2022.11.0)", "pandas-gbq (>=0.19.0)"]
excel = ["odfpy (>=1.4.1)", "openpyxl (>=3.1.0)", "python-calamine (>=0.1.7)", "pyxlsb (>=1.0.10)", "xlrd (>=2.0.1)", "xlsxwriter (>=3.0.5)"]
parquet = ["pyarrow (>=10.0.1)"]
feather = ["pyarrow (>=10.0.1)"]
hdf5 = ["tables (>=3.8.0)"]
spss = ["pyreadstat (>=1.2.0)"]
postgresql = ["SQLAlchemy (>=2.0.0)", "psycopg2 (>=2.9.6)", "adbc-driver-postgresql (>=0.8.0)"]
mysql = ["SQLAlchemy (>=2.0.0)", "pymysql (>=1.0.2)"]
sql-other = ["SQLAlchemy (>=2.0.0)", "adbc-driver-postgresql (>=0.8.0)", "adbc-driver-sqlite (>=0.8.0)"]
html = ["beautifulsoup4 (>=4.11.2)", "html5lib (>=1.1)", "lxml (>=4.9.2)"]
xml = ["lxml (>=4.9.2)"]
plot = ["matplotlib (>=3.6.3)"]
output-formatting = ["jinja2 (>=3.1.2)", "tabulate (>=0.9.0)"]
clipboard = ["PyQt5 (>=5.15.9)", "qtpy (>=2.3.0)"]
compression = ["zstandard (>=0.19.0)"]
consortium-standard = ["dataframe-api-compat (>=0.1.7)"]
all = ["adbc-driver-postgresql (>=0.8.0)", "adbc-driver-sqlite (>=0.8.0)", "beautifulsoup4 (>=4.11.2)", "bottleneck (>=1.3.6)", "dataframe-api-compat (>=0.1.7)", "fastparquet (>=2022.12.0)", "fsspec (>=2022.11.0)", "gcsfs (>=2022.11.0)", "html5lib (>=1.1)", "hypothesis (>=6.46.1)", "jinja2 (>=3.1.2)", "lxml (>=4.9.2)", "matplotlib (>=3.6.3)", "numba (>=0.56.4)", "numexpr (>=2.8.4)", "odfpy (>=1.4.1)", "openpyxl (>=3.1.0)", "pandas-gbq (>=0.19.0)", "psycopg2 (>=2.9.6)", "pyarrow (>=10.0.1)", "pymysql (>=1.0.2)", "PyQt5 (>=5.15.9)", "pyreadstat (>=1.2.0)", "pytest (>=7.3.2)", "pytest-xdist (>=2.2.0)", "python-calamine (>=0.1.7)", "pyxlsb (>=1.0.10)", "qtpy (>=2.3.0)", "scipy (>=1.10.0)", "s3fs (>=2022.11.0)", "SQLAlchemy (>=2.0.0)", "tables (>=3.8.0)", "tabulate (>=0.9.0)", "xarray (>=2022.12.0)", "xlrd (>=2.0.1)", "xlsxwriter (>=3.0.5)", "zstandard (>=0.19.0)"]

[[package]]
name = "peewee"
version = "4.0.2"
description = "a little orm"
category = "main"
optional = false
python-versions = "*"

[package.extras]
mysql = ["pymysql"]
postgres = ["psycopg2-binary"]
psycopg3 = ["psycopg"]
cysqlite = ["cysqlite"]
aiosqlite = ["aiosqlite", "greenlet"]
aiomysql = ["aiomysql", "greenlet"]
asyncpg = ["asyncpg", "greenlet"]

[[package]]
name = "pillow"
version = "12.1.1"
description = "Python Imaging Library (fork)"
category = "main"
optional = false
python-versions = ">=3.10"

[package.extras]
docs = ["furo", "olefile", "sphinx (>=8.2)", "sphinx-autobuild", "sphinx-copybutton", "sphinx-inline-tabs", "sphinxext-opengraph"]
fpx = ["olefile"]
mic = ["olefile"]
test-arrow = ["arro3-compute", "arro3-core", "nanoarrow", "pyarrow"]
tests = ["check-manifest", "coverage (>=7.4.2)", "defusedxml", "markdown2", "olefile", "packaging", "pyroma (>=5)", "pytest", "pytest-cov", "pytest-timeout", "pytest-xdist", "trove-classifiers (>=2024.10.12)"]
xmp = ["defusedxml"]

[[package]]
name = "platformdirs"
version = "4.9.4"
description = "A small Python package for determining appropriate platform-specific dirs, e.g. a `user data dir`."
category = "main"
optional = false
python-versions = ">=3.10"

[[package]]
name = "protobuf"
version = "6.33.6"
description = ""
category = "main"
optional = false
python-versions = ">=3.9"

[[package]]
name = "pyarrow"
version = "23.0.1"
description = "Python library for Apache Arrow"
category = "main"
optional = false
python-versions = ">=3.10"

[[package]]
name = "pycparser"
version = "3.0"
description = "C parser in Python"
category = "main"
optional = false
python-versions = ">=3.10"

[[package]]
name = "pydeck"
version = "0.9.1"
description = "Widget for deck.gl maps"
category = "main"
optional = false
python-versions = ">=3.8"

[package.dependencies]
jinja2 = ">=2.10.1"
numpy = ">=1.16.4"

[package.extras]
carto = ["pydeck-carto"]
jupyter = ["ipywidgets (>=7,<8)", "traitlets (>=4.3.2)", "ipython (>=5.8.0)", "ipykernel (>=5.1.2)"]

[[package]]
name = "python-dateutil"
version = "2.9.0.post0"
description = "Extensions to the standard Python datetime module"
category = "main"
optional = false
python-versions = "!=3.0.*,!=3.1.*,!=3.2.*,>=2.7"

[package.dependencies]
six = ">=1.5"

[[package]]
name = "pytz"
version = "2026.1.post1"
description = "World timezone definitions, modern and historical"
category = "main"
optional = false
python-versions = "*"

[[package]]
name = "referencing"
version = "0.37.0"
description = "JSON Referencing + Python"
category = "main"
optional = false
python-versions = ">=3.10"

[package.dependencies]
attrs = ">=22.2.0"
rpds-py = ">=0.7.0"
typing-extensions = {version = ">=4.4.0", markers = "python_version < \"3.13\""}

[[package]]
name = "requests"
version = "2.33.0"
description = "Python HTTP for Humans."
category = "main"
optional = false
python-versions = ">=3.10"

[package.dependencies]
certifi = ">=2023.5.7"
charset_normalizer = ">=2,<4"
idna = ">=2.5,<4"
urllib3 = ">=1.26,<3"

[package.extras]
socks = ["PySocks (>=1.5.6,!=1.5.7)"]
use-chardet-on-py3 = ["chardet (>=3.0.2,<8)"]
test = ["pytest-httpbin (==2.1.0)", "pytest-cov", "pytest-mock", "pytest-xdist", "PySocks (>=1.5.6,!=1.5.7)", "pytest (>=3)"]

[[package]]
name = "rpds-py"
version = "0.30.0"
description = "Python bindings to Rust's persistent data structures (rpds)"
category = "main"
optional = false
python-versions = ">=3.10"

[[package]]
name = "six"
version = "1.17.0"
description = "Python 2 and 3 compatibility utilities"
category = "main"
optional = false
python-versions = "!=3.0.*,!=3.1.*,!=3.2.*,>=2.7"

[[package]]
name = "smmap"
version = "5.0.3"
description = "A pure Python implementation of a sliding window memory map manager"
category = "main"
optional = false
python-versions = ">=3.7"

[[package]]
name = "soupsieve"
version = "2.8.3"
description = "A modern CSS selector implementation for Beautiful Soup."
category = "main"
optional = false
python-versions = ">=3.9"

[[package]]
name = "streamlit"
version = "1.55.0"
description = "A faster way to build and share data apps"
category = "main"
optional = false
python-versions = ">=3.10"

[package.dependencies]
altair = ">=4.0,<5.4.0 || >5.4.0,<5.4.1 || >5.4.1,<7"
blinker = ">=1.5.0,<2"
cachetools = ">=5.5,<8"
click = ">=7.0,<9"
gitpython = ">=3.0.7,<3.1.19 || >3.1.19,<4"
numpy = ">=1.23,<3"
packaging = ">=20"
pandas = ">=1.4.0,<3"
pillow = ">=7.1.0,<13"
protobuf = ">=3.20,<7"
pyarrow = ">=7.0"
pydeck = ">=0.8.0b4,<1"
requests = ">=2.27,<3"
tenacity = ">=8.1.0,<10"
toml = ">=0.10.1,<2"
tornado = ">=6.0.3,<6.5.0 || >6.5.0,<7"
typing-extensions = ">=4.10.0,<5"
watchdog = {version = ">=2.1.5,<7", markers = "platform_system != \"Darwin\""}

[package.extras]
snowflake = ["snowflake-snowpark-python[modin] (>=1.17.0)", "snowflake-connector-python (>=3.3.0)"]
starlette = ["starlette (>=0.40.0)", "uvicorn (>=0.30.0)", "anyio (>=4.0.0)", "python-multipart (>=0.0.10)", "websockets (>=12.0.0)", "itsdangerous (>=2.1.2)"]
pdf = ["streamlit-pdf (>=1.0.0)"]
auth = ["Authlib (>=1.3.2)"]
charts = ["matplotlib (>=3.0.0)", "graphviz (>=0.19.0)", "plotly (>=4.0.0)", "orjson (>=3.5.0)"]
sql = ["SQLAlchemy (>=2.0.0)"]
performance = ["orjson (>=3.5.0)", "uvloop (>=0.15.2)", "httptools (>=0.6.3)"]
all = ["streamlit", "rich (>=11.0.0)"]

[[package]]
name = "tenacity"
version = "9.1.4"
description = "Retry code until it succeeds"
category = "main"
optional = false
python-versions = ">=3.10"

[package.extras]
doc = ["reno", "sphinx"]
test = ["pytest", "tornado (>=4.5)", "typeguard"]

[[package]]
name = "toml"
version = "0.10.2"
description = "Python Library for Tom's Obvious, Minimal Language"
category = "main"
optional = false
python-versions = ">=2.6, !=3.0.*, !=3.1.*, !=3.2.*"

[[package]]
name = "tornado"
version = "6.5.5"
description = "Tornado is a Python web framework and asynchronous networking library, originally developed at FriendFeed."
category = "main"
optional = false
python-versions = ">=3.9"

[[package]]
name = "typing-extensions"
version = "4.15.0"
description = "Backported and Experimental Type Hints for Python 3.9+"
category = "main"
optional = false
python-versions = ">=3.9"

[[package]]
name = "tzdata"
version = "2025.3"
description = "Provider of IANA time zone data"
category = "main"
optional = false
python-versions = ">=2"

[[package]]
name = "urllib3"
version = "2.6.3"
description = "HTTP library with thread-safe connection pooling, file post, and more."
category = "main"
optional = false
python-versions = ">=3.9"

[package.extras]
brotli = ["brotli (>=1.2.0)", "brotlicffi (>=1.2.0.0)"]
h2 = ["h2 (>=4,<5)"]
socks = ["pysocks (>=1.5.6,!=1.5.7,<2.0)"]
zstd = ["backports-zstd (>=1.0.0)"]

[[package]]
name = "watchdog"
version = "6.0.0"
description = "Filesystem events monitoring"
category = "main"
optional = false
python-versions = ">=3.9"

[package.extras]
watchmedo = ["PyYAML (>=3.10)"]

[[package]]
name = "websockets"
version = "16.0"
description = "An implementation of the WebSocket Protocol (RFC 6455 & 7692)"
category = "main"
optional = false
python-versions = ">=3.10"

[[package]]
name = "yfinance"
version = "1.2.0"
description = "Download market data from Yahoo! Finance API"
category = "main"
optional = false
python-versions = "*"

[package.dependencies]
beautifulsoup4 = ">=4.11.1"
curl_cffi = ">=0.7,<0.14"
frozendict = ">=2.3.4"
multitasking = ">=0.0.7"
numpy = ">=1.16.5"
pandas = ">=1.3.0"
peewee = ">=3.16.2"
platformdirs = ">=2.0.0"
protobuf = ">=3.19.0"
pytz = ">=2022.5"
requests = ">=2.31"
websockets = ">=13.0"

[package.extras]
nospam = ["requests_cache (>=1.0)", "requests_ratelimiter (>=0.3.1)"]
repair = ["scipy (>=1.6.3)"]

[metadata]
lock-version = "1.1"
python-versions = "^3.11"
content-hash = "37d19a831ca840a9fcd518928240afac95765876674248c4fa379e28f56580e9"

[metadata.files]
altair = []
attrs = []
beautifulsoup4 = []
blinker = []
cachetools = []
certifi = []
cffi = []
charset-normalizer = []
click = []
colorama = []
curl-cffi = []
fredapi = []
frozendict = []
gitdb = []
gitpython = []
idna = []
jinja2 = []
jsonschema = []
jsonschema-specifications = []
markupsafe = []
multitasking = []
narwhals = []
numpy = []
packaging = []
pandas = []
peewee = []
pillow = []
platformdirs = []
protobuf = []
pyarrow = []
pycparser = []
pydeck = []
python-dateutil = []
pytz = []
referencing = []
requests = []
rpds-py = []
six = []
smmap = []
soupsieve = []
streamlit = []
tenacity = []
toml = []
tornado = []
typing-extensions = []
tzdata = []
urllib3 = []
watchdog = []
websockets = []
yfinance = []
